
Microsoft Visual Studio Solution File, Format Version 12.00
# Visual Studio Version 17
VisualStudioVersion = 17.8.34525.116
MinimumVisualStudioVersion = 10.0.40219.1
Project("{FAE04EC0-301F-11D3-BF4B-00C04F79EFBC}") = "Parcial_Punto_2", "Parcial_Punto_2.csproj", "{D3F695E1-ED8C-4E07-8BFF-6B9BB08D2B32}"
EndProject
Global
	GlobalSection(SolutionConfigurationPlatforms) = preSolution
		Debug|Any CPU = Debug|Any CPU
		Release|Any CPU = Release|Any CPU
	EndGlobalSection
	GlobalSection(ProjectConfigurationPlatforms) = postSolution
		{D3F695E1-ED8C-4E07-8BFF-6B9BB08D2B32}.Debug|Any CPU.ActiveCfg = Debug|Any CPU
		{D3F695E1-ED8C-4E07-8BFF-6B9BB08D2B32}.Debug|Any CPU.Build.0 = Debug|Any CPU
		{D3F695E1-ED8C-4E07-8BFF-6B9BB08D2B32}.Release|Any CPU.ActiveCfg = Release|Any CPU
		{D3F695E1-ED8C-4E07-8BFF-6B9BB08D2B32}.Release|Any CPU.Build.0 = Release|Any CPU
	EndGlobalSection
	GlobalSection(SolutionProperties) = preSolution
		HideSolutionNode = FALSE
	EndGlobalSection
	GlobalSection(ExtensibilityGlobals) = postSolution
		SolutionGuid = {035908E5-56E9-4C86-BFE3-5D9C5F65BF0C}
	EndGlobalSection
EndGlobal
